
Microsoft Visual Studio Solution File, Format Version 12.00
# Visual Studio Version 16
VisualStudioVersion = 16.0.31105.61
MinimumVisualStudioVersion = 10.0.40219.1
Project("{FAE04EC0-301F-11D3-BF4B-00C04F79EFBC}") = "UglyCode", "UglyCode\UglyCode.csproj", "{5FC2E97D-F941-4540-AAC6-9518D4989C28}"
EndProject
Project("{FAE04EC0-301F-11D3-BF4B-00C04F79EFBC}") = "PrettyCode", "PrettyCode\PrettyCode.csproj", "{2C363868-F3BD-4001-B7AF-96C59D3E97ED}"
EndProject
Project("{FAE04EC0-301F-11D3-BF4B-00C04F79EFBC}") = "CoreCode", "CoreCode\CoreCode.csproj", "{60CEE75F-CCEF-4D5D-9C47-666F31D62B56}"
EndProject
Global
	GlobalSection(SolutionConfigurationPlatforms) = preSolution
		Debug|Any CPU = Debug|Any CPU
		Release|Any CPU = Release|Any CPU
	EndGlobalSection
	GlobalSection(ProjectConfigurationPlatforms) = postSolution
		{5FC2E97D-F941-4540-AAC6-9518D4989C28}.Debug|Any CPU.ActiveCfg = Debug|Any CPU
		{5FC2E97D-F941-4540-AAC6-9518D4989C28}.Debug|Any CPU.Build.0 = Debug|Any CPU
		{5FC2E97D-F941-4540-AAC6-9518D4989C28}.Release|Any CPU.ActiveCfg = Release|Any CPU
		{5FC2E97D-F941-4540-AAC6-9518D4989C28}.Release|Any CPU.Build.0 = Release|Any CPU
		{2C363868-F3BD-4001-B7AF-96C59D3E97ED}.Debug|Any CPU.ActiveCfg = Debug|Any CPU
		{2C363868-F3BD-4001-B7AF-96C59D3E97ED}.Debug|Any CPU.Build.0 = Debug|Any CPU
		{2C363868-F3BD-4001-B7AF-96C59D3E97ED}.Release|Any CPU.ActiveCfg = Release|Any CPU
		{2C363868-F3BD-4001-B7AF-96C59D3E97ED}.Release|Any CPU.Build.0 = Release|Any CPU
		{60CEE75F-CCEF-4D5D-9C47-666F31D62B56}.Debug|Any CPU.ActiveCfg = Debug|Any CPU
		{60CEE75F-CCEF-4D5D-9C47-666F31D62B56}.Debug|Any CPU.Build.0 = Debug|Any CPU
		{60CEE75F-CCEF-4D5D-9C47-666F31D62B56}.Release|Any CPU.ActiveCfg = Release|Any CPU
		{60CEE75F-CCEF-4D5D-9C47-666F31D62B56}.Release|Any CPU.Build.0 = Release|Any CPU
	EndGlobalSection
	GlobalSection(SolutionProperties) = preSolution
		HideSolutionNode = FALSE
	EndGlobalSection
	GlobalSection(ExtensibilityGlobals) = postSolution
		SolutionGuid = {458C15AF-C554-4422-941D-FBE7EC36A821}
	EndGlobalSection
EndGlobal
